
Microsoft Visual Studio Solution File, Format Version 12.00
Project("{FAE04EC0-301F-11D3-BF4B-00C04F79EFBC}") = "Mecanillama.API", "Mecanillama.API\Mecanillama.API.csproj", "{3B8C7BCB-F9E9-411C-BCCB-1A6078569D4D}"
EndProject
Project("{FAE04EC0-301F-11D3-BF4B-00C04F79EFBC}") = "Mecanillama.Specs", "Mecanillama.Specs\Mecanillama.Specs.csproj", "{C9D89A56-E1D2-4745-BA25-7777D89CA3F4}"
EndProject
Global
	GlobalSection(SolutionConfigurationPlatforms) = preSolution
		Debug|Any CPU = Debug|Any CPU
		Release|Any CPU = Release|Any CPU
	EndGlobalSection
	GlobalSection(ProjectConfigurationPlatforms) = postSolution
		{3B8C7BCB-F9E9-411C-BCCB-1A6078569D4D}.Debug|Any CPU.ActiveCfg = Debug|Any CPU
		{3B8C7BCB-F9E9-411C-BCCB-1A6078569D4D}.Debug|Any CPU.Build.0 = Debug|Any CPU
		{3B8C7BCB-F9E9-411C-BCCB-1A6078569D4D}.Release|Any CPU.ActiveCfg = Release|Any CPU
		{3B8C7BCB-F9E9-411C-BCCB-1A6078569D4D}.Release|Any CPU.Build.0 = Release|Any CPU
		{C9D89A56-E1D2-4745-BA25-7777D89CA3F4}.Debug|Any CPU.ActiveCfg = Debug|Any CPU
		{C9D89A56-E1D2-4745-BA25-7777D89CA3F4}.Debug|Any CPU.Build.0 = Debug|Any CPU
		{C9D89A56-E1D2-4745-BA25-7777D89CA3F4}.Release|Any CPU.ActiveCfg = Release|Any CPU
		{C9D89A56-E1D2-4745-BA25-7777D89CA3F4}.Release|Any CPU.Build.0 = Release|Any CPU
	EndGlobalSection
EndGlobal
